// !$*UTF8*$!
{
	archiveVersion = 1;
	classes = {
	};
	objectVersion = 46;
	objects = {

/* Begin PBXBuildFile section */
		EC66FD031A824F8500CE3520 /* main.m in Sources */ = {isa = PBXBuildFile; fileRef = EC66FD021A824F8500CE3520 /* main.m */; };
		EC66FD061A824F8500CE3520 /* AppDelegate.m in Sources */ = {isa = PBXBuildFile; fileRef = EC66FD051A824F8500CE3520 /* AppDelegate.m */; };
		EC66FD091A824F8500CE3520 /* ViewController.m in Sources */ = {isa = PBXBuildFile; fileRef = EC66FD081A824F8500CE3520 /* ViewController.m */; };
		EC66FD0C1A824F8500CE3520 /* Main.storyboard in Resources */ = {isa = PBXBuildFile; fileRef = EC66FD0A1A824F8500CE3520 /* Main.storyboard */; };
		EC66FD0E1A824F8500CE3520 /* Images.xcassets in Resources */ = {isa = PBXBuildFile; fileRef = EC66FD0D1A824F8500CE3520 /* Images.xcassets */; };
		EC66FD111A824F8500CE3520 /* LaunchScreen.xib in Resources */ = {isa = PBXBuildFile; fileRef = EC66FD0F1A824F8500CE3520 /* LaunchScreen.xib */; };
		EC66FD1D1A824F8500CE3520 /* Demo1Tests.m in Sources */ = {isa = PBXBuildFile; fileRef = EC66FD1C1A824F8500CE3520 /* Demo1Tests.m */; };
/* End PBXBuildFile section */

/* Begin PBXContainerItemProxy section */
		EC66FD171A824F8500CE3520 /* PBXContainerItemProxy */ = {
			isa = PBXContainerItemProxy;
			containerPortal = EC66FCF51A824F8500CE3520 /* Project object */;
			proxyType = 1;
			remoteGlobalIDString = EC66FCFC1A824F8500CE3520;
			remoteInfo = Demo1;
		};
/* End PBXContainerItemProxy section */

/* Begin PBXFileReference section */
		EC66FCFD1A824F8500CE3520 /* Demo1.app */ = {isa = PBXFileReference; explicitFileType = wrapper.application; includeInIndex = 0; path = Demo1.app; sourceTree = BUILT_PRODUCTS_DIR; };
		EC66FD011A824F8500CE3520 /* Info.plist */ = {isa = PBXFileReference; lastKnownFileType = text.plist.xml; path = Info.plist; sourceTree = "<group>"; };
		EC66FD021A824F8500CE3520 /* main.m */ = {isa = PBXFileReference; lastKnownFileType = sourcecode.c.objc; path = main.m; sourceTree = "<group>"; };
		EC66FD041A824F8500CE3520 /* AppDelegate.h */ = {isa = PBXFileReference; lastKnownFileType = sourcecode.c.h; path = AppDelegate.h; sourceTree = "<group>"; };
		EC66FD051A824F8500CE3520 /* AppDelegate.m */ = {isa = PBXFileReference; lastKnownFileType = sourcecode.c.objc; path = AppDelegate.m; sourceTree = "<group>"; };
		EC66FD071A824F8500CE3520 /* ViewController.h */ = {isa = PBXFileReference; lastKnownFileType = sourcecode.c.h; path = ViewController.h; sourceTree = "<group>"; };
		EC66FD081A824F8500CE3520 /* ViewController.m */ = {isa = PBXFileReference; lastKnownFileType = sourcecode.c.objc; path = ViewController.m; sourceTree = "<group>"; };
		EC66FD0B1A824F8500CE3520 /* Base */ = {isa = PBXFileReference; lastKnownFileType = file.storyboard; name = Base; path = Base.lproj/Main.storyboard; sourceTree = "<group>"; };
		EC66FD0D1A824F8500CE3520 /* Images.xcassets */ = {isa = PBXFileReference; lastKnownFileType = folder.assetcatalog; path = Images.xcassets; sourceTree = "<group>"; };
		EC66FD101A824F8500CE3520 /* Base */ = {isa = PBXFileReference; lastKnownFileType = file.xib; name = Base; path = Base.lproj/LaunchScreen.xib; sourceTree = "<group>"; };
		EC66FD161A824F8500CE3520 /* Demo1Tests.xctest */ = {isa = PBXFileReference; explicitFileType = wrapper.cfbundle; includeInIndex = 0; path = Demo1Tests.xctest; sourceTree = BUILT_PRODUCTS_DIR; };
		EC66FD1B1A824F8500CE3520 /* Info.plist */ = {isa = PBXFileReference; lastKnownFileType = text.plist.xml; path = Info.plist; sourceTree = "<group>"; };
		EC66FD1C1A824F8500CE3520 /* Demo1Tests.m */ = {isa = PBXFileReference; lastKnownFileType = sourcecode.c.objc; path = Demo1Tests.m; sourceTree = "<group>"; };
/* End PBXFileReference section */

/* Begin PBXFrameworksBuildPhase section */
		EC66FCFA1A824F8500CE3520 /* Frameworks */ = {
			isa = PBXFrameworksBuildPhase;
			buildActionMask = 2147483647;
			files = (
			);
			runOnlyForDeploymentPostprocessing = 0;
		};
		EC66FD131A824F8500CE3520 /* Frameworks */ = {
			isa = PBXFrameworksBuildPhase;
			buildActionMask = 2147483647;
			files = (
			);
			runOnlyForDeploymentPostprocessing = 0;
		};
/* End PBXFrameworksBuildPhase section */

/* Begin PBXGroup section */
		EC66FCF41A824F8500CE3520 = {
			isa = PBXGroup;
			children = (
				EC66FCFF1A824F8500CE3520 /* Demo1 */,
				EC66FD191A824F8500CE3520 /* Demo1Tests */,
				EC66FCFE1A824F8500CE3520 /* Products */,
			);
			sourceTree = "<group>";
		};
		EC66FCFE1A824F8500CE3520 /* Products */ = {
			isa = PBXGroup;
			children = (
				EC66FCFD1A824F8500CE3520 /* Demo1.app */,
				EC66FD161A824F8500CE3520 /* Demo1Tests.xctest */,
			);
			name = Products;
			sourceTree = "<group>";
		};
		EC66FCFF1A824F8500CE3520 /* Demo1 */ = {
			isa = PBXGroup;
			children = (
				EC66FD041A824F8500CE3520 /* AppDelegate.h */,
				EC66FD051A824F8500CE3520 /* AppDelegate.m */,
				EC66FD071A824F8500CE3520 /* ViewController.h */,
				EC66FD081A824F8500CE3520 /* ViewController.m */,
				EC66FD0A1A824F8500CE3520 /* Main.storyboard */,
				EC66FD0D1A824F8500CE3520 /* Images.xcassets */,
				EC66FD0F1A824F8500CE3520 /* LaunchScreen.xib */,
				EC66FD001A824F8500CE3520 /* Supporting Files */,
			);
			path = Demo1;
			sourceTree = "<group>";
		};
		EC66FD001A824F8500CE3520 /* Supporting Files */ = {
			isa = PBXGroup;
			children = (
				EC66FD011A824F8500CE3520 /* Info.plist */,
				EC66FD021A824F8500CE3520 /* main.m */,
			);
			name = "Supporting Files";
			sourceTree = "<group>";
		};
		EC66FD191A824F8500CE3520 /* Demo1Tests */ = {
			isa = PBXGroup;
			children = (
				EC66FD1C1A824F8500CE3520 /* Demo1Tests.m */,
				EC66FD1A1A824F8500CE3520 /* Supporting Files */,
			);
			path = Demo1Tests;
			sourceTree = "<group>";
		};
		EC66FD1A1A824F8500CE3520 /* Supporting Files */ = {
			isa = PBXGroup;
			children = (
				EC66FD1B1A824F8500CE3520 /* Info.plist */,
			);
			name = "Supporting Files";
			sourceTree = "<group>";
		};
/* End PBXGroup section */

/* Begin PBXNativeTarget section */
		EC66FCFC1A824F8500CE3520 /* Demo1 */ = {
			isa = PBXNativeTarget;
			buildConfigurationList = EC66FD201A824F8500CE3520 /* Build configuration list for PBXNativeTarget "Demo1" */;
			buildPhases = (
				EC66FCF91A824F8500CE3520 /* Sources */,
				EC66FCFA1A824F8500CE3520 /* Frameworks */,
				EC66FCFB1A824F8500CE3520 /* Resources */,
			);
			buildRules = (
			);
			dependencies = (
			);
			name = Demo1;
			productName = Demo1;
			productReference = EC66FCFD1A824F8500CE3520 /* Demo1.app */;
			productType = "com.apple.product-type.application";
		};
		EC66FD151A824F8500CE3520 /* Demo1Tests */ = {
			isa = PBXNativeTarget;
			buildConfigurationList = EC66FD231A824F8500CE3520 /* Build configuration list for PBXNativeTarget "Demo1Tests" */;
			buildPhases = (
				EC66FD121A824F8500CE3520 /* Sources */,
				EC66FD131A824F8500CE3520 /* Frameworks */,
				EC66FD141A824F8500CE3520 /* Resources */,
			);
			buildRules = (
			);
			dependencies = (
				EC66FD181A824F8500CE3520 /* PBXTargetDependency */,
			);
			name = Demo1Tests;
			productName = Demo1Tests;
			productReference = EC66FD161A824F8500CE3520 /* Demo1Tests.xctest */;
			productType = "com.apple.product-type.bundle.unit-test";
		};
/* End PBXNativeTarget section */

/* Begin PBXProject section */
		EC66FCF51A824F8500CE3520 /* Project object */ = {
			isa = PBXProject;
			attributes = {
				LastUpgradeCheck = 0610;
				ORGANIZATIONNAME = "小叶";
				TargetAttributes = {
					EC66FCFC1A824F8500CE3520 = {
						CreatedOnToolsVersion = 6.1.1;
					};
					EC66FD151A824F8500CE3520 = {
						CreatedOnToolsVersion = 6.1.1;
						TestTargetID = EC66FCFC1A824F8500CE3520;
					};
				};
			};
			buildConfigurationList = EC66FCF81A824F8500CE3520 /* Build configuration list for PBXProject "Demo1" */;
			compatibilityVersion = "Xcode 3.2";
			developmentRegion = English;
			hasScannedForEncodings = 0;
			knownRegions = (
				en,
				Base,
			);
			mainGroup = EC66FCF41A824F8500CE3520;
			productRefGroup = EC66FCFE1A824F8500CE3520 /* Products */;
			projectDirPath = "";
			projectRoot = "";
			targets = (
				EC66FCFC1A824F8500CE3520 /* Demo1 */,
				EC66FD151A824F8500CE3520 /* Demo1Tests */,
			);
		};
/* End PBXProject section */

/* Begin PBXResourcesBuildPhase section */
		EC66FCFB1A824F8500CE3520 /* Resources */ = {
			isa = PBXResourcesBuildPhase;
			buildActionMask = 2147483647;
			files = (
				EC66FD0C1A824F8500CE3520 /* Main.storyboard in Resources */,
				EC66FD111A824F8500CE3520 /* LaunchScreen.xib in Resources */,
				EC66FD0E1A824F8500CE3520 /* Images.xcassets in Resources */,
			);
			runOnlyForDeploymentPostprocessing = 0;
		};
		EC66FD141A824F8500CE3520 /* Resources */ = {
			isa = PBXResourcesBuildPhase;
			buildActionMask = 2147483647;
			files = (
			);
			runOnlyForDeploymentPostprocessing = 0;
		};
/* End PBXResourcesBuildPhase section */

/* Begin PBXSourcesBuildPhase section */
		EC66FCF91A824F8500CE3520 /* Sources */ = {
			isa = PBXSourcesBuildPhase;
			buildActionMask = 2147483647;
			files = (
				EC66FD091A824F8500CE3520 /* ViewController.m in Sources */,
				EC66FD061A824F8500CE3520 /* AppDelegate.m in Sources */,
				EC66FD031A824F8500CE3520 /* main.m in Sources */,
			);
			runOnlyForDeploymentPostprocessing = 0;
		};
		EC66FD121A824F8500CE3520 /* Sources */ = {
			isa = PBXSourcesBuildPhase;
			buildActionMask = 2147483647;
			files = (
				EC66FD1D1A824F8500CE3520 /* Demo1Tests.m in Sources */,
			);
			runOnlyForDeploymentPostprocessing = 0;
		};
/* End PBXSourcesBuildPhase section */

/* Begin PBXTargetDependency section */
		EC66FD181A824F8500CE3520 /* PBXTargetDependency */ = {
			isa = PBXTargetDependency;
			target = EC66FCFC1A824F8500CE3520 /* Demo1 */;
			targetProxy = EC66FD171A824F8500CE3520 /* PBXContainerItemProxy */;
		};
/* End PBXTargetDependency section */

/* Begin PBXVariantGroup section */
		EC66FD0A1A824F8500CE3520 /* Main.storyboard */ = {
			isa = PBXVariantGroup;
			children = (
				EC66FD0B1A824F8500CE3520 /* Base */,
			);
			name = Main.storyboard;
			sourceTree = "<group>";
		};
		EC66FD0F1A824F8500CE3520 /* LaunchScreen.xib */ = {
			isa = PBXVariantGroup;
			children = (
				EC66FD101A824F8500CE3520 /* Base */,
			);
			name = LaunchScreen.xib;
			sourceTree = "<group>";
		};
/* End PBXVariantGroup section */

/* Begin XCBuildConfiguration section */
		EC66FD1E1A824F8500CE3520 /* Debug */ = {
			isa = XCBuildConfiguration;
			buildSettings = {
				ALWAYS_SEARCH_USER_PATHS = NO;
				CLANG_CXX_LANGUAGE_STANDARD = "gnu++0x";
				CLANG_CXX_LIBRARY = "libc++";
				CLANG_ENABLE_MODULES = YES;
				CLANG_ENABLE_OBJC_ARC = YES;
				CLANG_WARN_BOOL_CONVERSION = YES;
				CLANG_WARN_CONSTANT_CONVERSION = YES;
				CLANG_WARN_DIRECT_OBJC_ISA_USAGE = YES_ERROR;
				CLANG_WARN_EMPTY_BODY = YES;
				CLANG_WARN_ENUM_CONVERSION = YES;
				CLANG_WARN_INT_CONVERSION = YES;
				CLANG_WARN_OBJC_ROOT_CLASS = YES_ERROR;
				CLANG_WARN_UNREACHABLE_CODE = YES;
				CLANG_WARN__DUPLICATE_METHOD_MATCH = YES;
				"CODE_SIGN_IDENTITY[sdk=iphoneos*]" = "iPhone Developer";
				COPY_PHASE_STRIP = NO;
				ENABLE_STRICT_OBJC_MSGSEND = YES;
				GCC_C_LANGUAGE_STANDARD = gnu99;
				GCC_DYNAMIC_NO_PIC = NO;
				GCC_OPTIMIZATION_LEVEL = 0;
				GCC_PREPROCESSOR_DEFINITIONS = (
					"DEBUG=1",
					"$(inherited)",
				);
				GCC_SYMBOLS_PRIVATE_EXTERN = NO;
				GCC_WARN_64_TO_32_BIT_CONVERSION = YES;
				GCC_WARN_ABOUT_RETURN_TYPE = YES_ERROR;
				GCC_WARN_UNDECLARED_SELECTOR = YES;
				GCC_WARN_UNINITIALIZED_AUTOS = YES_AGGRESSIVE;
				GCC_WARN_UNUSED_FUNCTION = YES;
				GCC_WARN_UNUSED_VARIABLE = YES;
				IPHONEOS_DEPLOYMENT_TARGET = 8.1;
				MTL_ENABLE_DEBUG_INFO = YES;
				ONLY_ACTIVE_ARCH = YES;
				SDKROOT = iphoneos;
			};
			name = Debug;
		};
		EC66FD1F1A824F8500CE3520 /* Release */ = {
			isa = XCBuildConfiguration;
			buildSettings = {
				ALWAYS_SEARCH_USER_PATHS = NO;
				CLANG_CXX_LANGUAGE_STANDARD = "gnu++0x";
				CLANG_CXX_LIBRARY = "libc++";
				CLANG_ENABLE_MODULES = YES;
				CLANG_ENABLE_OBJC_ARC = YES;
				CLANG_WARN_BOOL_CONVERSION = YES;
				CLANG_WARN_CONSTANT_CONVERSION = YES;
				CLANG_WARN_DIRECT_OBJC_ISA_USAGE = YES_ERROR;
				CLANG_WARN_EMPTY_BODY = YES;
				CLANG_WARN_ENUM_CONVERSION = YES;
				CLANG_WARN_INT_CONVERSION = YES;
				CLANG_WARN_OBJC_ROOT_CLASS = YES_ERROR;
				CLANG_WARN_UNREACHABLE_CODE = YES;
				CLANG_WARN__DUPLICATE_METHOD_MATCH = YES;
				"CODE_SIGN_IDENTITY[sdk=iphoneos*]" = "iPhone Developer";
				COPY_PHASE_STRIP = YES;
				ENABLE_NS_ASSERTIONS = NO;
				ENABLE_STRICT_OBJC_MSGSEND = YES;
				GCC_C_LANGUAGE_STANDARD = gnu99;
				GCC_WARN_64_TO_32_BIT_CONVERSION = YES;
				GCC_WARN_ABOUT_RETURN_TYPE = YES_ERROR;
				GCC_WARN_UNDECLARED_SELECTOR = YES;
				GCC_WARN_UNINITIALIZED_AUTOS = YES_AGGRESSIVE;
				GCC_WARN_UNUSED_FUNCTION = YES;
				GCC_WARN_UNUSED_VARIABLE = YES;
				IPHONEOS_DEPLOYMENT_TARGET = 8.1;
				MTL_ENABLE_DEBUG_INFO = NO;
				SDKROOT = iphoneos;
				VALIDATE_PRODUCT = YES;
			};
			name = Release;
		};
		EC66FD211A824F8500CE3520 /* Debug */ = {
			isa = XCBuildConfiguration;
			buildSettings = {
				ASSETCATALOG_COMPILER_APPICON_NAME = AppIcon;
				INFOPLIST_FILE = Demo1/Info.plist;
				LD_RUNPATH_SEARCH_PATHS = "$(inherited) @executable_path/Frameworks";
				PRODUCT_NAME = "$(TARGET_NAME)";
			};
			name = Debug;
		};
		EC66FD221A824F8500CE3520 /* Release */ = {
			isa = XCBuildConfiguration;
			buildSettings = {
				ASSETCATALOG_COMPILER_APPICON_NAME = AppIcon;
				INFOPLIST_FILE = Demo1/Info.plist;
				LD_RUNPATH_SEARCH_PATHS = "$(inherited) @executable_path/Frameworks";
				PRODUCT_NAME = "$(TARGET_NAME)";
			};
			name = Release;
		};
		EC66FD241A824F8500CE3520 /* Debug */ = {
			isa = XCBuildConfiguration;
			buildSettings = {
				BUNDLE_LOADER = "$(TEST_HOST)";
				FRAMEWORK_SEARCH_PATHS = (
					"$(SDKROOT)/Developer/Library/Frameworks",
					"$(inherited)",
				);
				GCC_PREPROCESSOR_DEFINITIONS = (
					"DEBUG=1",
					"$(inherited)",
				);
				INFOPLIST_FILE = Demo1Tests/Info.plist;
				LD_RUNPATH_SEARCH_PATHS = "$(inherited) @executable_path/Frameworks @loader_path/Frameworks";
				PRODUCT_NAME = "$(TARGET_NAME)";
				TEST_HOST = "$(BUILT_PRODUCTS_DIR)/Demo1.app/Demo1";
			};
			name = Debug;
		};
		EC66FD251A824F8500CE3520 /* Release */ = {
			isa = XCBuildConfiguration;
			buildSettings = {
				BUNDLE_LOADER = "$(TEST_HOST)";
				FRAMEWORK_SEARCH_PATHS = (
					"$(SDKROOT)/Developer/Library/Frameworks",
					"$(inherited)",
				);
				INFOPLIST_FILE = Demo1Tests/Info.plist;
				LD_RUNPATH_SEARCH_PATHS = "$(inherited) @executable_path/Frameworks @loader_path/Frameworks";
				PRODUCT_NAME = "$(TARGET_NAME)";
				TEST_HOST = "$(BUILT_PRODUCTS_DIR)/Demo1.app/Demo1";
			};
			name = Release;
		};
/* End XCBuildConfiguration section */

/* Begin XCConfigurationList section */
		EC66FCF81A824F8500CE3520 /* Build configuration list for PBXProject "Demo1" */ = {
			isa = XCConfigurationList;
			buildConfigurations = (
				EC66FD1E1A824F8500CE3520 /* Debug */,
				EC66FD1F1A824F8500CE3520 /* Release */,
			);
			defaultConfigurationIsVisible = 0;
			defaultConfigurationName = Release;
		};
		EC66FD201A824F8500CE3520 /* Build configuration list for PBXNativeTarget "Demo1" */ = {
			isa = XCConfigurationList;
			buildConfigurations = (
				EC66FD211A824F8500CE3520 /* Debug */,
				EC66FD221A824F8500CE3520 /* Release */,
			);
			defaultConfigurationIsVisible = 0;
		};
		EC66FD231A824F8500CE3520 /* Build configuration list for PBXNativeTarget "Demo1Tests" */ = {
			isa = XCConfigurationList;
			buildConfigurations = (
				EC66FD241A824F8500CE3520 /* Debug */,
				EC66FD251A824F8500CE3520 /* Release */,
			);
			defaultConfigurationIsVisible = 0;
		};
/* End XCConfigurationList section */
	};
	rootObject = EC66FCF51A824F8500CE3520 /* Project object */;
}
